{
  "object": {
    "pins": [
      {
        "package": "Kingfisher",
        "repositoryURL": "https://github.com/onevcat/Kingfisher.git",
        "state": {
          "branch": null,
          "revision": "44450a8f564d7c0165f736ba2250649ff8d3e556",
          "version": "6.3.0"
        }
      },
      {
        "package": "PKHUD",
        "repositoryURL": "https://github.com/pkluz/PKHUD.git",
        "state": {
          "branch": null,
          "revision": "8fd26f23057c6bebd6695524b1c3e05e93aba571",
          "version": "5.4.0"
        }
      },
      {
        "package": "Shuffle",
        "repositoryURL": "https://github.com/mac-gallagher/Shuffle.git",
        "state": {
          "branch": null,
          "revision": "df246b9cd6b8b5e021b23c80706b4a4571785c1b",
          "version": "0.5.0"
        }
      }
    ]
  },
  "version": 1
}
